
Microsoft Visual Studio Solution File, Format Version 12.00
# Visual Studio Version 17
VisualStudioVersion = 17.1.32210.238
MinimumVisualStudioVersion = 10.0.40219.1
Project("{FAE04EC0-301F-11D3-BF4B-00C04F79EFBC}") = "GUI", "GUI\GUI.csproj", "{C4162F4F-39D2-459A-9426-FBD3156DF108}"
EndProject
Project("{FAE04EC0-301F-11D3-BF4B-00C04F79EFBC}") = "DTO", "DTO\DTO.csproj", "{39501E62-AFEB-4DD4-B576-9F2CDFD73FDC}"
EndProject
Project("{FAE04EC0-301F-11D3-BF4B-00C04F79EFBC}") = "DAL", "DAL\DAL.csproj", "{FE372C39-A031-4ADD-9CE6-6F79A4837CE8}"
EndProject
Project("{FAE04EC0-301F-11D3-BF4B-00C04F79EFBC}") = "BUS", "BUS\BUS.csproj", "{EB54C5AC-A65F-42CF-B05A-BA6D09FC310F}"
EndProject
Global
	GlobalSection(SolutionConfigurationPlatforms) = preSolution
		Debug|Any CPU = Debug|Any CPU
		Release|Any CPU = Release|Any CPU
	EndGlobalSection
	GlobalSection(ProjectConfigurationPlatforms) = postSolution
		{C4162F4F-39D2-459A-9426-FBD3156DF108}.Debug|Any CPU.ActiveCfg = Debug|Any CPU
		{C4162F4F-39D2-459A-9426-FBD3156DF108}.Debug|Any CPU.Build.0 = Debug|Any CPU
		{C4162F4F-39D2-459A-9426-FBD3156DF108}.Release|Any CPU.ActiveCfg = Release|Any CPU
		{C4162F4F-39D2-459A-9426-FBD3156DF108}.Release|Any CPU.Build.0 = Release|Any CPU
		{39501E62-AFEB-4DD4-B576-9F2CDFD73FDC}.Debug|Any CPU.ActiveCfg = Debug|Any CPU
		{39501E62-AFEB-4DD4-B576-9F2CDFD73FDC}.Debug|Any CPU.Build.0 = Debug|Any CPU
		{39501E62-AFEB-4DD4-B576-9F2CDFD73FDC}.Release|Any CPU.ActiveCfg = Release|Any CPU
		{39501E62-AFEB-4DD4-B576-9F2CDFD73FDC}.Release|Any CPU.Build.0 = Release|Any CPU
		{FE372C39-A031-4ADD-9CE6-6F79A4837CE8}.Debug|Any CPU.ActiveCfg = Debug|Any CPU
		{FE372C39-A031-4ADD-9CE6-6F79A4837CE8}.Debug|Any CPU.Build.0 = Debug|Any CPU
		{FE372C39-A031-4ADD-9CE6-6F79A4837CE8}.Release|Any CPU.ActiveCfg = Release|Any CPU
		{FE372C39-A031-4ADD-9CE6-6F79A4837CE8}.Release|Any CPU.Build.0 = Release|Any CPU
		{EB54C5AC-A65F-42CF-B05A-BA6D09FC310F}.Debug|Any CPU.ActiveCfg = Debug|Any CPU
		{EB54C5AC-A65F-42CF-B05A-BA6D09FC310F}.Debug|Any CPU.Build.0 = Debug|Any CPU
		{EB54C5AC-A65F-42CF-B05A-BA6D09FC310F}.Release|Any CPU.ActiveCfg = Release|Any CPU
		{EB54C5AC-A65F-42CF-B05A-BA6D09FC310F}.Release|Any CPU.Build.0 = Release|Any CPU
	EndGlobalSection
	GlobalSection(SolutionProperties) = preSolution
		HideSolutionNode = FALSE
	EndGlobalSection
	GlobalSection(ExtensibilityGlobals) = postSolution
		SolutionGuid = {A9F7984E-21AA-4ED8-BC9E-5FB866EB3B56}
	EndGlobalSection
EndGlobal
